lockfileVersion: '9.0'

settings:
  autoInstallPeers: true
  excludeLinksFromLockfile: false

importers:

  .:
    dependencies:
      dotenv:
        specifier: ^16.4.7
        version: 16.4.7
      hoyoapi:
        specifier: ^1.2.0
        version: 1.2.0
      node-cron:
        specifier: ^3.0.3
        version: 3.0.3

packages:

  dotenv@16.4.7:
    resolution: {integrity: sha512-47qPchRCykZC03FhkYAhrvwU4xDBFIj1QPqaarj6mdM/hgUzfPHcpkHJOn3mJAufFeeAxAzeGsr5X0M4k6fLZQ==}
    engines: {node: '>=12'}

  hoyoapi@1.2.0:
    resolution: {integrity: sha512-mjErQ9TELN+XV2wLkqaf37thQX9vQTfjPFDeGRKjU84G4vT6Ufjz9sgYIB9aK5PZebfLIhAnDO4yRLLOqAr0lQ==}
    engines: {node: '>=8.17'}

  node-cron@3.0.3:
    resolution: {integrity: sha512-dOal67//nohNgYWb+nWmg5dkFdIwDm8EpeGYMekPMrngV3637lqnX0lbUcCtgibHTz6SEz7DAIjKvKDFYCnO1A==}
    engines: {node: '>=6.0.0'}

  uuid@8.3.2:
    resolution: {integrity: sha512-+NYs2QeMWy+GWFOEm9xnn6HCDp0l7QBD7ml8zLUmJ+93Q5NF0NocErnwkTkXVFNiX3/fpC6afS8Dhb/gz7R7eg==}
    hasBin: true

snapshots:

  dotenv@16.4.7: {}

  hoyoapi@1.2.0: {}

  node-cron@3.0.3:
    dependencies:
      uuid: 8.3.2

  uuid@8.3.2: {}
